
Microsoft Visual Studio Solution File, Format Version 12.00
# Visual Studio Version 17
VisualStudioVersion = 17.0.31903.59
MinimumVisualStudioVersion = 10.0.40219.1
Project("{FAE04EC0-301F-11D3-BF4B-00C04F79EFBC}") = "WebAppEssentials.WebApi", "WebAppEssentials.WebApi\WebAppEssentials.WebApi.csproj", "{68F0C549-9E07-466B-B7E7-1A237894E8A6}"
EndProject
Project("{FAE04EC0-301F-11D3-BF4B-00C04F79EFBC}") = "WebAppEssentials.WebApi.Demo", "WebAppEssentials.WebApi.Demo\WebAppEssentials.WebApi.Demo.csproj", "{44314461-4A3B-4E0A-8DA3-F106EBD142FB}"
EndProject
Project("{2150E333-8FDC-42A3-9474-1A3956D46DE8}") = "Tests", "Tests", "{4B78D294-E6C5-4F67-99EA-334C8A6609DD}"
EndProject
Project("{FAE04EC0-301F-11D3-BF4B-00C04F79EFBC}") = "WebAppEssentials.WebApi.Tests", "WebAppEssentials.WebApi.Tests\WebAppEssentials.WebApi.Tests.csproj", "{8E6CA447-934C-4FD6-AD40-356B9CA0CFFD}"
EndProject
Global
	GlobalSection(SolutionConfigurationPlatforms) = preSolution
		Debug|Any CPU = Debug|Any CPU
		Release|Any CPU = Release|Any CPU
	EndGlobalSection
	GlobalSection(SolutionProperties) = preSolution
		HideSolutionNode = FALSE
	EndGlobalSection
	GlobalSection(ProjectConfigurationPlatforms) = postSolution
		{68F0C549-9E07-466B-B7E7-1A237894E8A6}.Debug|Any CPU.ActiveCfg = Debug|Any CPU
		{68F0C549-9E07-466B-B7E7-1A237894E8A6}.Debug|Any CPU.Build.0 = Debug|Any CPU
		{68F0C549-9E07-466B-B7E7-1A237894E8A6}.Release|Any CPU.ActiveCfg = Release|Any CPU
		{68F0C549-9E07-466B-B7E7-1A237894E8A6}.Release|Any CPU.Build.0 = Release|Any CPU
		{44314461-4A3B-4E0A-8DA3-F106EBD142FB}.Debug|Any CPU.ActiveCfg = Debug|Any CPU
		{44314461-4A3B-4E0A-8DA3-F106EBD142FB}.Debug|Any CPU.Build.0 = Debug|Any CPU
		{44314461-4A3B-4E0A-8DA3-F106EBD142FB}.Release|Any CPU.ActiveCfg = Release|Any CPU
		{44314461-4A3B-4E0A-8DA3-F106EBD142FB}.Release|Any CPU.Build.0 = Release|Any CPU
		{8E6CA447-934C-4FD6-AD40-356B9CA0CFFD}.Debug|Any CPU.ActiveCfg = Debug|Any CPU
		{8E6CA447-934C-4FD6-AD40-356B9CA0CFFD}.Debug|Any CPU.Build.0 = Debug|Any CPU
		{8E6CA447-934C-4FD6-AD40-356B9CA0CFFD}.Release|Any CPU.ActiveCfg = Release|Any CPU
		{8E6CA447-934C-4FD6-AD40-356B9CA0CFFD}.Release|Any CPU.Build.0 = Release|Any CPU
	EndGlobalSection
	GlobalSection(NestedProjects) = preSolution
		{8E6CA447-934C-4FD6-AD40-356B9CA0CFFD} = {4B78D294-E6C5-4F67-99EA-334C8A6609DD}
	EndGlobalSection
EndGlobal
